
Microsoft Visual Studio Solution File, Format Version 12.00
# Visual Studio 15
VisualStudioVersion = 15.0.26430.4
MinimumVisualStudioVersion = 10.0.40219.1
Project("{9A19103F-16F7-4668-BE54-9A1E7A4F7556}") = "SerHumano.Api", "SerHumano.Api\SerHumano.Api.csproj", "{6987FD07-312C-4FCF-AC2E-F56B1584B5AB}"
EndProject
Project("{9A19103F-16F7-4668-BE54-9A1E7A4F7556}") = "SerHumano.Common", "SerHumano.Common\SerHumano.Common.csproj", "{6D6A8E7A-9C86-4A7F-BA57-8E170EFCEFD7}"
EndProject
Project("{9A19103F-16F7-4668-BE54-9A1E7A4F7556}") = "SerHumano.Domain", "SerHumano.Domain\SerHumano.Domain.csproj", "{6AC9E870-27B5-40A6-B140-E9AED5B32A8E}"
EndProject
Project("{9A19103F-16F7-4668-BE54-9A1E7A4F7556}") = "SerHumano.Repository", "SerHumano.Repository\SerHumano.Repository.csproj", "{0BA9A038-C473-4B48-95AB-8D1CCF593B2F}"
EndProject
Project("{9A19103F-16F7-4668-BE54-9A1E7A4F7556}") = "SerHumano.Application", "SerHumano.Application\SerHumano.Application.csproj", "{F5ACC117-5204-45EC-B750-C0AC7C1A09CB}"
EndProject
Global
	GlobalSection(SolutionConfigurationPlatforms) = preSolution
		Debug|Any CPU = Debug|Any CPU
		Release|Any CPU = Release|Any CPU
	EndGlobalSection
	GlobalSection(ProjectConfigurationPlatforms) = postSolution
		{6987FD07-312C-4FCF-AC2E-F56B1584B5AB}.Debug|Any CPU.ActiveCfg = Debug|Any CPU
		{6987FD07-312C-4FCF-AC2E-F56B1584B5AB}.Debug|Any CPU.Build.0 = Debug|Any CPU
		{6987FD07-312C-4FCF-AC2E-F56B1584B5AB}.Release|Any CPU.ActiveCfg = Release|Any CPU
		{6987FD07-312C-4FCF-AC2E-F56B1584B5AB}.Release|Any CPU.Build.0 = Release|Any CPU
		{6D6A8E7A-9C86-4A7F-BA57-8E170EFCEFD7}.Debug|Any CPU.ActiveCfg = Debug|Any CPU
		{6D6A8E7A-9C86-4A7F-BA57-8E170EFCEFD7}.Debug|Any CPU.Build.0 = Debug|Any CPU
		{6D6A8E7A-9C86-4A7F-BA57-8E170EFCEFD7}.Release|Any CPU.ActiveCfg = Release|Any CPU
		{6D6A8E7A-9C86-4A7F-BA57-8E170EFCEFD7}.Release|Any CPU.Build.0 = Release|Any CPU
		{6AC9E870-27B5-40A6-B140-E9AED5B32A8E}.Debug|Any CPU.ActiveCfg = Debug|Any CPU
		{6AC9E870-27B5-40A6-B140-E9AED5B32A8E}.Debug|Any CPU.Build.0 = Debug|Any CPU
		{6AC9E870-27B5-40A6-B140-E9AED5B32A8E}.Release|Any CPU.ActiveCfg = Release|Any CPU
		{6AC9E870-27B5-40A6-B140-E9AED5B32A8E}.Release|Any CPU.Build.0 = Release|Any CPU
		{0BA9A038-C473-4B48-95AB-8D1CCF593B2F}.Debug|Any CPU.ActiveCfg = Debug|Any CPU
		{0BA9A038-C473-4B48-95AB-8D1CCF593B2F}.Debug|Any CPU.Build.0 = Debug|Any CPU
		{0BA9A038-C473-4B48-95AB-8D1CCF593B2F}.Release|Any CPU.ActiveCfg = Release|Any CPU
		{0BA9A038-C473-4B48-95AB-8D1CCF593B2F}.Release|Any CPU.Build.0 = Release|Any CPU
		{F5ACC117-5204-45EC-B750-C0AC7C1A09CB}.Debug|Any CPU.ActiveCfg = Debug|Any CPU
		{F5ACC117-5204-45EC-B750-C0AC7C1A09CB}.Debug|Any CPU.Build.0 = Debug|Any CPU
		{F5ACC117-5204-45EC-B750-C0AC7C1A09CB}.Release|Any CPU.ActiveCfg = Release|Any CPU
		{F5ACC117-5204-45EC-B750-C0AC7C1A09CB}.Release|Any CPU.Build.0 = Release|Any CPU
	EndGlobalSection
	GlobalSection(SolutionProperties) = preSolution
		HideSolutionNode = FALSE
	EndGlobalSection
EndGlobal
